
Microsoft Visual Studio Solution File, Format Version 12.00
# Visual Studio 2013
VisualStudioVersion = 12.0.30723.0
MinimumVisualStudioVersion = 10.0.40219.1
Project("{FAE04EC0-301F-11D3-BF4B-00C04F79EFBC}") = "UberScraper", "UberScraper\UberScraper.csproj", "{08AF697D-E54C-4637-AA9E-5AA278CA92D7}"
EndProject
Project("{FAE04EC0-301F-11D3-BF4B-00C04F79EFBC}") = "Librainian", "..\Librainian\Librainian.csproj", "{722E3411-B605-4AF8-ADEA-D2D18BC9CD2C}"
EndProject
Project("{FAE04EC0-301F-11D3-BF4B-00C04F79EFBC}") = "Tesseract", "..\Tesseract\src\Tesseract\Tesseract.csproj", "{DA780CA0-2606-4259-91C4-3F38C5C90592}"
EndProject
Global
	GlobalSection(SubversionScc) = preSolution
		Svn-Managed = True
		Manager = AnkhSVN - Subversion Support for Visual Studio
	EndGlobalSection
	GlobalSection(SolutionConfigurationPlatforms) = preSolution
		Debug|Any CPU = Debug|Any CPU
		Debug20|Any CPU = Debug20|Any CPU
		Debug35|Any CPU = Debug35|Any CPU
		Debug40|Any CPU = Debug40|Any CPU
		Debug40Client|Any CPU = Debug40Client|Any CPU
		Debug45|Any CPU = Debug45|Any CPU
		Debug451|Any CPU = Debug451|Any CPU
		Release|Any CPU = Release|Any CPU
		Release20|Any CPU = Release20|Any CPU
		Release35|Any CPU = Release35|Any CPU
		Release40|Any CPU = Release40|Any CPU
		Release40Client|Any CPU = Release40Client|Any CPU
		Release45|Any CPU = Release45|Any CPU
		Release451|Any CPU = Release451|Any CPU
	EndGlobalSection
	GlobalSection(ProjectConfigurationPlatforms) = postSolution
		{08AF697D-E54C-4637-AA9E-5AA278CA92D7}.Debug|Any CPU.ActiveCfg = Debug|Any CPU
		{08AF697D-E54C-4637-AA9E-5AA278CA92D7}.Debug|Any CPU.Build.0 = Debug|Any CPU
		{08AF697D-E54C-4637-AA9E-5AA278CA92D7}.Debug20|Any CPU.ActiveCfg = Debug|Any CPU
		{08AF697D-E54C-4637-AA9E-5AA278CA92D7}.Debug20|Any CPU.Build.0 = Debug|Any CPU
		{08AF697D-E54C-4637-AA9E-5AA278CA92D7}.Debug35|Any CPU.ActiveCfg = Debug|Any CPU
		{08AF697D-E54C-4637-AA9E-5AA278CA92D7}.Debug35|Any CPU.Build.0 = Debug|Any CPU
		{08AF697D-E54C-4637-AA9E-5AA278CA92D7}.Debug40|Any CPU.ActiveCfg = Debug|Any CPU
		{08AF697D-E54C-4637-AA9E-5AA278CA92D7}.Debug40|Any CPU.Build.0 = Debug|Any CPU
		{08AF697D-E54C-4637-AA9E-5AA278CA92D7}.Debug40Client|Any CPU.ActiveCfg = Debug|Any CPU
		{08AF697D-E54C-4637-AA9E-5AA278CA92D7}.Debug40Client|Any CPU.Build.0 = Debug|Any CPU
		{08AF697D-E54C-4637-AA9E-5AA278CA92D7}.Debug45|Any CPU.ActiveCfg = Debug|Any CPU
		{08AF697D-E54C-4637-AA9E-5AA278CA92D7}.Debug45|Any CPU.Build.0 = Debug|Any CPU
		{08AF697D-E54C-4637-AA9E-5AA278CA92D7}.Debug451|Any CPU.ActiveCfg = Debug|Any CPU
		{08AF697D-E54C-4637-AA9E-5AA278CA92D7}.Debug451|Any CPU.Build.0 = Debug|Any CPU
		{08AF697D-E54C-4637-AA9E-5AA278CA92D7}.Release|Any CPU.ActiveCfg = Release|Any CPU
		{08AF697D-E54C-4637-AA9E-5AA278CA92D7}.Release|Any CPU.Build.0 = Release|Any CPU
		{08AF697D-E54C-4637-AA9E-5AA278CA92D7}.Release20|Any CPU.ActiveCfg = Release|Any CPU
		{08AF697D-E54C-4637-AA9E-5AA278CA92D7}.Release20|Any CPU.Build.0 = Release|Any CPU
		{08AF697D-E54C-4637-AA9E-5AA278CA92D7}.Release35|Any CPU.ActiveCfg = Release|Any CPU
		{08AF697D-E54C-4637-AA9E-5AA278CA92D7}.Release35|Any CPU.Build.0 = Release|Any CPU
		{08AF697D-E54C-4637-AA9E-5AA278CA92D7}.Release40|Any CPU.ActiveCfg = Release|Any CPU
		{08AF697D-E54C-4637-AA9E-5AA278CA92D7}.Release40|Any CPU.Build.0 = Release|Any CPU
		{08AF697D-E54C-4637-AA9E-5AA278CA92D7}.Release40Client|Any CPU.ActiveCfg = Release|Any CPU
		{08AF697D-E54C-4637-AA9E-5AA278CA92D7}.Release40Client|Any CPU.Build.0 = Release|Any CPU
		{08AF697D-E54C-4637-AA9E-5AA278CA92D7}.Release45|Any CPU.ActiveCfg = Release|Any CPU
		{08AF697D-E54C-4637-AA9E-5AA278CA92D7}.Release45|Any CPU.Build.0 = Release|Any CPU
		{08AF697D-E54C-4637-AA9E-5AA278CA92D7}.Release451|Any CPU.ActiveCfg = Release|Any CPU
		{08AF697D-E54C-4637-AA9E-5AA278CA92D7}.Release451|Any CPU.Build.0 = Release|Any CPU
		{722E3411-B605-4AF8-ADEA-D2D18BC9CD2C}.Debug|Any CPU.ActiveCfg = Debug|Any CPU
		{722E3411-B605-4AF8-ADEA-D2D18BC9CD2C}.Debug|Any CPU.Build.0 = Debug|Any CPU
		{722E3411-B605-4AF8-ADEA-D2D18BC9CD2C}.Debug20|Any CPU.ActiveCfg = Debug|Any CPU
		{722E3411-B605-4AF8-ADEA-D2D18BC9CD2C}.Debug20|Any CPU.Build.0 = Debug|Any CPU
		{722E3411-B605-4AF8-ADEA-D2D18BC9CD2C}.Debug35|Any CPU.ActiveCfg = Debug|Any CPU
		{722E3411-B605-4AF8-ADEA-D2D18BC9CD2C}.Debug35|Any CPU.Build.0 = Debug|Any CPU
		{722E3411-B605-4AF8-ADEA-D2D18BC9CD2C}.Debug40|Any CPU.ActiveCfg = Debug|Any CPU
		{722E3411-B605-4AF8-ADEA-D2D18BC9CD2C}.Debug40|Any CPU.Build.0 = Debug|Any CPU
		{722E3411-B605-4AF8-ADEA-D2D18BC9CD2C}.Debug40Client|Any CPU.ActiveCfg = Debug|Any CPU
		{722E3411-B605-4AF8-ADEA-D2D18BC9CD2C}.Debug40Client|Any CPU.Build.0 = Debug|Any CPU
		{722E3411-B605-4AF8-ADEA-D2D18BC9CD2C}.Debug45|Any CPU.ActiveCfg = Debug|Any CPU
		{722E3411-B605-4AF8-ADEA-D2D18BC9CD2C}.Debug45|Any CPU.Build.0 = Debug|Any CPU
		{722E3411-B605-4AF8-ADEA-D2D18BC9CD2C}.Debug451|Any CPU.ActiveCfg = Debug|Any CPU
		{722E3411-B605-4AF8-ADEA-D2D18BC9CD2C}.Debug451|Any CPU.Build.0 = Debug|Any CPU
		{722E3411-B605-4AF8-ADEA-D2D18BC9CD2C}.Release|Any CPU.ActiveCfg = Release|Any CPU
		{722E3411-B605-4AF8-ADEA-D2D18BC9CD2C}.Release|Any CPU.Build.0 = Release|Any CPU
		{722E3411-B605-4AF8-ADEA-D2D18BC9CD2C}.Release20|Any CPU.ActiveCfg = Release|Any CPU
		{722E3411-B605-4AF8-ADEA-D2D18BC9CD2C}.Release20|Any CPU.Build.0 = Release|Any CPU
		{722E3411-B605-4AF8-ADEA-D2D18BC9CD2C}.Release35|Any CPU.ActiveCfg = Release|Any CPU
		{722E3411-B605-4AF8-ADEA-D2D18BC9CD2C}.Release35|Any CPU.Build.0 = Release|Any CPU
		{722E3411-B605-4AF8-ADEA-D2D18BC9CD2C}.Release40|Any CPU.ActiveCfg = Release|Any CPU
		{722E3411-B605-4AF8-ADEA-D2D18BC9CD2C}.Release40|Any CPU.Build.0 = Release|Any CPU
		{722E3411-B605-4AF8-ADEA-D2D18BC9CD2C}.Release40Client|Any CPU.ActiveCfg = Release|Any CPU
		{722E3411-B605-4AF8-ADEA-D2D18BC9CD2C}.Release40Client|Any CPU.Build.0 = Release|Any CPU
		{722E3411-B605-4AF8-ADEA-D2D18BC9CD2C}.Release45|Any CPU.ActiveCfg = Release|Any CPU
		{722E3411-B605-4AF8-ADEA-D2D18BC9CD2C}.Release45|Any CPU.Build.0 = Release|Any CPU
		{722E3411-B605-4AF8-ADEA-D2D18BC9CD2C}.Release451|Any CPU.ActiveCfg = Release|Any CPU
		{722E3411-B605-4AF8-ADEA-D2D18BC9CD2C}.Release451|Any CPU.Build.0 = Release|Any CPU
		{DA780CA0-2606-4259-91C4-3F38C5C90592}.Debug|Any CPU.ActiveCfg = Debug20|Any CPU
		{DA780CA0-2606-4259-91C4-3F38C5C90592}.Debug|Any CPU.Build.0 = Debug20|Any CPU
		{DA780CA0-2606-4259-91C4-3F38C5C90592}.Debug20|Any CPU.ActiveCfg = Debug20|Any CPU
		{DA780CA0-2606-4259-91C4-3F38C5C90592}.Debug20|Any CPU.Build.0 = Debug20|Any CPU
		{DA780CA0-2606-4259-91C4-3F38C5C90592}.Debug35|Any CPU.ActiveCfg = Debug35|Any CPU
		{DA780CA0-2606-4259-91C4-3F38C5C90592}.Debug35|Any CPU.Build.0 = Debug35|Any CPU
		{DA780CA0-2606-4259-91C4-3F38C5C90592}.Debug40|Any CPU.ActiveCfg = Debug40|Any CPU
		{DA780CA0-2606-4259-91C4-3F38C5C90592}.Debug40|Any CPU.Build.0 = Debug40|Any CPU
		{DA780CA0-2606-4259-91C4-3F38C5C90592}.Debug40Client|Any CPU.ActiveCfg = Debug40Client|Any CPU
		{DA780CA0-2606-4259-91C4-3F38C5C90592}.Debug40Client|Any CPU.Build.0 = Debug40Client|Any CPU
		{DA780CA0-2606-4259-91C4-3F38C5C90592}.Debug45|Any CPU.ActiveCfg = Debug45|Any CPU
		{DA780CA0-2606-4259-91C4-3F38C5C90592}.Debug45|Any CPU.Build.0 = Debug45|Any CPU
		{DA780CA0-2606-4259-91C4-3F38C5C90592}.Debug451|Any CPU.ActiveCfg = Debug451|Any CPU
		{DA780CA0-2606-4259-91C4-3F38C5C90592}.Debug451|Any CPU.Build.0 = Debug451|Any CPU
		{DA780CA0-2606-4259-91C4-3F38C5C90592}.Release|Any CPU.ActiveCfg = Release20|Any CPU
		{DA780CA0-2606-4259-91C4-3F38C5C90592}.Release|Any CPU.Build.0 = Release20|Any CPU
		{DA780CA0-2606-4259-91C4-3F38C5C90592}.Release20|Any CPU.ActiveCfg = Release20|Any CPU
		{DA780CA0-2606-4259-91C4-3F38C5C90592}.Release20|Any CPU.Build.0 = Release20|Any CPU
		{DA780CA0-2606-4259-91C4-3F38C5C90592}.Release35|Any CPU.ActiveCfg = Release35|Any CPU
		{DA780CA0-2606-4259-91C4-3F38C5C90592}.Release35|Any CPU.Build.0 = Release35|Any CPU
		{DA780CA0-2606-4259-91C4-3F38C5C90592}.Release40|Any CPU.ActiveCfg = Release40|Any CPU
		{DA780CA0-2606-4259-91C4-3F38C5C90592}.Release40|Any CPU.Build.0 = Release40|Any CPU
		{DA780CA0-2606-4259-91C4-3F38C5C90592}.Release40Client|Any CPU.ActiveCfg = Release40Client|Any CPU
		{DA780CA0-2606-4259-91C4-3F38C5C90592}.Release40Client|Any CPU.Build.0 = Release40Client|Any CPU
		{DA780CA0-2606-4259-91C4-3F38C5C90592}.Release45|Any CPU.ActiveCfg = Release45|Any CPU
		{DA780CA0-2606-4259-91C4-3F38C5C90592}.Release45|Any CPU.Build.0 = Release45|Any CPU
		{DA780CA0-2606-4259-91C4-3F38C5C90592}.Release451|Any CPU.ActiveCfg = Release451|Any CPU
		{DA780CA0-2606-4259-91C4-3F38C5C90592}.Release451|Any CPU.Build.0 = Release451|Any CPU
	EndGlobalSection
	GlobalSection(SolutionProperties) = preSolution
		HideSolutionNode = FALSE
	EndGlobalSection
	GlobalSection(ExtensibilityGlobals) = postSolution
		AssemblyInfoVersionSettings = YearStamp.MonthStamp.DayStamp.TimeStamp
		AssemblyFileVersionSettings = YearStamp.MonthStamp.DayStamp.TimeStamp
		AssemblyVersionSettings = YearStamp.MonthStamp.DayStamp.TimeStamp
		UpdateAssemblyInfoVersion = True
		UpdateAssemblyFileVersion = True
		UpdateAssemblyVersion = True
		AssemblyInfoFilePath = 
		ConfigurationFilter = 
	EndGlobalSection
EndGlobal
